
Microsoft Visual Studio Solution File, Format Version 12.00
# Visual Studio Version 17
VisualStudioVersion = 17.7.34003.232
MinimumVisualStudioVersion = 10.0.40219.1
Project("{FAE04EC0-301F-11D3-BF4B-00C04F79EFBC}") = "List_Mills_Justyce", "List_Mills_Justyce\List_Mills_Justyce.csproj", "{DF540489-6C5F-47FB-99E0-77AF019B8FDE}"
EndProject
Global
	GlobalSection(SolutionConfigurationPlatforms) = preSolution
		Debug|Any CPU = Debug|Any CPU
		Release|Any CPU = Release|Any CPU
	EndGlobalSection
	GlobalSection(ProjectConfigurationPlatforms) = postSolution
		{DF540489-6C5F-47FB-99E0-77AF019B8FDE}.Debug|Any CPU.ActiveCfg = Debug|Any CPU
		{DF540489-6C5F-47FB-99E0-77AF019B8FDE}.Debug|Any CPU.Build.0 = Debug|Any CPU
		{DF540489-6C5F-47FB-99E0-77AF019B8FDE}.Release|Any CPU.ActiveCfg = Release|Any CPU
		{DF540489-6C5F-47FB-99E0-77AF019B8FDE}.Release|Any CPU.Build.0 = Release|Any CPU
	EndGlobalSection
	GlobalSection(SolutionProperties) = preSolution
		HideSolutionNode = FALSE
	EndGlobalSection
	GlobalSection(ExtensibilityGlobals) = postSolution
		SolutionGuid = {20BA23EB-BC8F-48DB-94FB-C931F5E466E7}
	EndGlobalSection
EndGlobal
